
Microsoft Visual Studio Solution File, Format Version 12.00
# Visual Studio 15
Project("{FAE04EC0-301F-11D3-BF4B-00C04F79EFBC}") = "Assembly-CSharp", "Assembly-CSharp.csproj", "{AF3DBA31-4139-69EB-435B-71251AA4BA8B}"
EndProject
Project("{FAE04EC0-301F-11D3-BF4B-00C04F79EFBC}") = "Assembly-CSharp-Editor", "Assembly-CSharp-Editor.csproj", "{50088B8F-64AC-6F3B-7096-718FA08D8BF0}"
EndProject
Global
	GlobalSection(SolutionConfigurationPlatforms) = preSolution
		Debug|Any CPU = Debug|Any CPU
		Release|Any CPU = Release|Any CPU
	EndGlobalSection
	GlobalSection(ProjectConfigurationPlatforms) = postSolution
		{AF3DBA31-4139-69EB-435B-71251AA4BA8B}.Debug|Any CPU.ActiveCfg = Debug|Any CPU
		{AF3DBA31-4139-69EB-435B-71251AA4BA8B}.Debug|Any CPU.Build.0 = Debug|Any CPU
		{AF3DBA31-4139-69EB-435B-71251AA4BA8B}.Release|Any CPU.ActiveCfg = Release|Any CPU
		{AF3DBA31-4139-69EB-435B-71251AA4BA8B}.Release|Any CPU.Build.0 = Release|Any CPU
		{50088B8F-64AC-6F3B-7096-718FA08D8BF0}.Debug|Any CPU.ActiveCfg = Debug|Any CPU
		{50088B8F-64AC-6F3B-7096-718FA08D8BF0}.Debug|Any CPU.Build.0 = Debug|Any CPU
		{50088B8F-64AC-6F3B-7096-718FA08D8BF0}.Release|Any CPU.ActiveCfg = Release|Any CPU
		{50088B8F-64AC-6F3B-7096-718FA08D8BF0}.Release|Any CPU.Build.0 = Release|Any CPU
	EndGlobalSection
	GlobalSection(SolutionProperties) = preSolution
		HideSolutionNode = FALSE
	EndGlobalSection
EndGlobal
